// !$*UTF8*$!
{
	archiveVersion = 1;
	classes = {
	};
	objectVersion = 50;
	objects = {

/* Begin PBXBuildFile section */
		55024AF321E685FD002E5C13 /* AppDelegate.m in Sources */ = {isa = PBXBuildFile; fileRef = 55024AF221E685FD002E5C13 /* AppDelegate.m */; };
		55024AF621E685FD002E5C13 /* RootViewController.m in Sources */ = {isa = PBXBuildFile; fileRef = 55024AF521E685FD002E5C13 /* RootViewController.m */; };
		55024AF921E685FD002E5C13 /* DataViewController.m in Sources */ = {isa = PBXBuildFile; fileRef = 55024AF821E685FD002E5C13 /* DataViewController.m */; };
		55024AFC21E685FD002E5C13 /* ModelController.m in Sources */ = {isa = PBXBuildFile; fileRef = 55024AFB21E685FD002E5C13 /* ModelController.m */; };
		55024AFF21E685FD002E5C13 /* Main.storyboard in Resources */ = {isa = PBXBuildFile; fileRef = 55024AFD21E685FD002E5C13 /* Main.storyboard */; };
		55024B0121E685FF002E5C13 /* Assets.xcassets in Resources */ = {isa = PBXBuildFile; fileRef = 55024B0021E685FF002E5C13 /* Assets.xcassets */; };
		55024B0421E685FF002E5C13 /* LaunchScreen.storyboard in Resources */ = {isa = PBXBuildFile; fileRef = 55024B0221E685FF002E5C13 /* LaunchScreen.storyboard */; };
		55024B0721E685FF002E5C13 /* main.m in Sources */ = {isa = PBXBuildFile; fileRef = 55024B0621E685FF002E5C13 /* main.m */; };
		55024B0F21E68E37002E5C13 /* City.m in Sources */ = {isa = PBXBuildFile; fileRef = 55024B0E21E68E37002E5C13 /* City.m */; };
		55024B1221E6985B002E5C13 /* CityTable.m in Sources */ = {isa = PBXBuildFile; fileRef = 55024B1121E6985B002E5C13 /* CityTable.m */; };
		55024B1521E6987A002E5C13 /* CityTableViewCell.m in Sources */ = {isa = PBXBuildFile; fileRef = 55024B1421E6987A002E5C13 /* CityTableViewCell.m */; };
		55024B1B21E69EFC002E5C13 /* CityViewController.m in Sources */ = {isa = PBXBuildFile; fileRef = 55024B1A21E69EFC002E5C13 /* CityViewController.m */; };
		55024B1E21E6A57A002E5C13 /* CityStore.m in Sources */ = {isa = PBXBuildFile; fileRef = 55024B1D21E6A57A002E5C13 /* CityStore.m */; };
		55024B2421E70C13002E5C13 /* MapViewController.m in Sources */ = {isa = PBXBuildFile; fileRef = 55024B2221E70C13002E5C13 /* MapViewController.m */; };
		55024B2721E70CE3002E5C13 /* MapKit.framework in Frameworks */ = {isa = PBXBuildFile; fileRef = 55024B2621E70CE3002E5C13 /* MapKit.framework */; };
		55024B2A21E70F12002E5C13 /* OriginMapView.m in Sources */ = {isa = PBXBuildFile; fileRef = 55024B2921E70F12002E5C13 /* OriginMapView.m */; };
		55024B2D21E70F84002E5C13 /* MapAnnotation.m in Sources */ = {isa = PBXBuildFile; fileRef = 55024B2C21E70F84002E5C13 /* MapAnnotation.m */; };
		55024B3821E7203A002E5C13 /* NetworkService.m in Sources */ = {isa = PBXBuildFile; fileRef = 55024B3721E7203A002E5C13 /* NetworkService.m */; };
		55024B3C21E79C74002E5C13 /* WeatherService.m in Sources */ = {isa = PBXBuildFile; fileRef = 55024B3B21E79C74002E5C13 /* WeatherService.m */; };
/* End PBXBuildFile section */

/* Begin PBXFileReference section */
		55024AEE21E685FD002E5C13 /* myWeather.app */ = {isa = PBXFileReference; explicitFileType = wrapper.application; includeInIndex = 0; path = myWeather.app; sourceTree = BUILT_PRODUCTS_DIR; };
		55024AF121E685FD002E5C13 /* AppDelegate.h */ = {isa = PBXFileReference; lastKnownFileType = sourcecode.c.h; path = AppDelegate.h; sourceTree = "<group>"; };
		55024AF221E685FD002E5C13 /* AppDelegate.m */ = {isa = PBXFileReference; lastKnownFileType = sourcecode.c.objc; path = AppDelegate.m; sourceTree = "<group>"; };
		55024AF421E685FD002E5C13 /* RootViewController.h */ = {isa = PBXFileReference; lastKnownFileType = sourcecode.c.h; path = RootViewController.h; sourceTree = "<group>"; };
		55024AF521E685FD002E5C13 /* RootViewController.m */ = {isa = PBXFileReference; lastKnownFileType = sourcecode.c.objc; path = RootViewController.m; sourceTree = "<group>"; };
		55024AF721E685FD002E5C13 /* DataViewController.h */ = {isa = PBXFileReference; lastKnownFileType = sourcecode.c.h; path = DataViewController.h; sourceTree = "<group>"; };
		55024AF821E685FD002E5C13 /* DataViewController.m */ = {isa = PBXFileReference; lastKnownFileType = sourcecode.c.objc; path = DataViewController.m; sourceTree = "<group>"; };
		55024AFA21E685FD002E5C13 /* ModelController.h */ = {isa = PBXFileReference; lastKnownFileType = sourcecode.c.h; path = ModelController.h; sourceTree = "<group>"; };
		55024AFB21E685FD002E5C13 /* ModelController.m */ = {isa = PBXFileReference; lastKnownFileType = sourcecode.c.objc; path = ModelController.m; sourceTree = "<group>"; };
		55024AFE21E685FD002E5C13 /* Base */ = {isa = PBXFileReference; lastKnownFileType = file.storyboard; name = Base; path = Base.lproj/Main.storyboard; sourceTree = "<group>"; };
		55024B0021E685FF002E5C13 /* Assets.xcassets */ = {isa = PBXFileReference; lastKnownFileType = folder.assetcatalog; path = Assets.xcassets; sourceTree = "<group>"; };
		55024B0321E685FF002E5C13 /* Base */ = {isa = PBXFileReference; lastKnownFileType = file.storyboard; name = Base; path = Base.lproj/LaunchScreen.storyboard; sourceTree = "<group>"; };
		55024B0521E685FF002E5C13 /* Info.plist */ = {isa = PBXFileReference; lastKnownFileType = text.plist.xml; path = Info.plist; sourceTree = "<group>"; };
		55024B0621E685FF002E5C13 /* main.m */ = {isa = PBXFileReference; lastKnownFileType = sourcecode.c.objc; path = main.m; sourceTree = "<group>"; };
		55024B0D21E68E37002E5C13 /* City.h */ = {isa = PBXFileReference; lastKnownFileType = sourcecode.c.h; path = City.h; sourceTree = "<group>"; };
		55024B0E21E68E37002E5C13 /* City.m */ = {isa = PBXFileReference; lastKnownFileType = sourcecode.c.objc; path = City.m; sourceTree = "<group>"; };
		55024B1021E6985B002E5C13 /* CityTable.h */ = {isa = PBXFileReference; lastKnownFileType = sourcecode.c.h; path = CityTable.h; sourceTree = "<group>"; };
		55024B1121E6985B002E5C13 /* CityTable.m */ = {isa = PBXFileReference; lastKnownFileType = sourcecode.c.objc; path = CityTable.m; sourceTree = "<group>"; };
		55024B1321E6987A002E5C13 /* CityTableViewCell.h */ = {isa = PBXFileReference; lastKnownFileType = sourcecode.c.h; path = CityTableViewCell.h; sourceTree = "<group>"; };
		55024B1421E6987A002E5C13 /* CityTableViewCell.m */ = {isa = PBXFileReference; lastKnownFileType = sourcecode.c.objc; path = CityTableViewCell.m; sourceTree = "<group>"; };
		55024B1921E69EFC002E5C13 /* CityViewController.h */ = {isa = PBXFileReference; lastKnownFileType = sourcecode.c.h; path = CityViewController.h; sourceTree = "<group>"; };
		55024B1A21E69EFC002E5C13 /* CityViewController.m */ = {isa = PBXFileReference; lastKnownFileType = sourcecode.c.objc; path = CityViewController.m; sourceTree = "<group>"; };
		55024B1C21E6A57A002E5C13 /* CityStore.h */ = {isa = PBXFileReference; lastKnownFileType = sourcecode.c.h; path = CityStore.h; sourceTree = "<group>"; };
		55024B1D21E6A57A002E5C13 /* CityStore.m */ = {isa = PBXFileReference; lastKnownFileType = sourcecode.c.objc; path = CityStore.m; sourceTree = "<group>"; };
		55024B2221E70C13002E5C13 /* MapViewController.m */ = {isa = PBXFileReference; fileEncoding = 4; lastKnownFileType = sourcecode.c.objc; path = MapViewController.m; sourceTree = "<group>"; };
		55024B2321E70C13002E5C13 /* MapViewController.h */ = {isa = PBXFileReference; fileEncoding = 4; lastKnownFileType = sourcecode.c.h; path = MapViewController.h; sourceTree = "<group>"; };
		55024B2621E70CE3002E5C13 /* MapKit.framework */ = {isa = PBXFileReference; lastKnownFileType = wrapper.framework; name = MapKit.framework; path = System/Library/Frameworks/MapKit.framework; sourceTree = SDKROOT; };
		55024B2821E70F12002E5C13 /* OriginMapView.h */ = {isa = PBXFileReference; lastKnownFileType = sourcecode.c.h; path = OriginMapView.h; sourceTree = "<group>"; };
		55024B2921E70F12002E5C13 /* OriginMapView.m */ = {isa = PBXFileReference; lastKnownFileType = sourcecode.c.objc; path = OriginMapView.m; sourceTree = "<group>"; };
		55024B2B21E70F84002E5C13 /* MapAnnotation.h */ = {isa = PBXFileReference; lastKnownFileType = sourcecode.c.h; path = MapAnnotation.h; sourceTree = "<group>"; };
		55024B2C21E70F84002E5C13 /* MapAnnotation.m */ = {isa = PBXFileReference; lastKnownFileType = sourcecode.c.objc; path = MapAnnotation.m; sourceTree = "<group>"; };
		55024B3621E7203A002E5C13 /* NetworkService.h */ = {isa = PBXFileReference; fileEncoding = 4; lastKnownFileType = sourcecode.c.h; name = NetworkService.h; path = "myWeather/New Group/NetworkService.h"; sourceTree = SOURCE_ROOT; };
		55024B3721E7203A002E5C13 /* NetworkService.m */ = {isa = PBXFileReference; fileEncoding = 4; lastKnownFileType = sourcecode.c.objc; name = NetworkService.m; path = "myWeather/New Group/NetworkService.m"; sourceTree = SOURCE_ROOT; };
		55024B3A21E79C74002E5C13 /* WeatherService.h */ = {isa = PBXFileReference; lastKnownFileType = sourcecode.c.h; path = WeatherService.h; sourceTree = "<group>"; };
		55024B3B21E79C74002E5C13 /* WeatherService.m */ = {isa = PBXFileReference; lastKnownFileType = sourcecode.c.objc; path = WeatherService.m; sourceTree = "<group>"; };
		55024B3F21E8283B002E5C13 /* myWeatherConsts.h */ = {isa = PBXFileReference; lastKnownFileType = sourcecode.c.h; path = myWeatherConsts.h; sourceTree = "<group>"; };
/* End PBXFileReference section */

/* Begin PBXFrameworksBuildPhase section */
		55024AEB21E685FD002E5C13 /* Frameworks */ = {
			isa = PBXFrameworksBuildPhase;
			buildActionMask = 2147483647;
			files = (
				55024B2721E70CE3002E5C13 /* MapKit.framework in Frameworks */,
			);
			runOnlyForDeploymentPostprocessing = 0;
		};
/* End PBXFrameworksBuildPhase section */

/* Begin PBXGroup section */
		55024AE521E685FD002E5C13 = {
			isa = PBXGroup;
			children = (
				55024AF021E685FD002E5C13 /* myWeather */,
				55024AEF21E685FD002E5C13 /* Products */,
				55024B2521E70CE3002E5C13 /* Frameworks */,
			);
			sourceTree = "<group>";
		};
		55024AEF21E685FD002E5C13 /* Products */ = {
			isa = PBXGroup;
			children = (
				55024AEE21E685FD002E5C13 /* myWeather.app */,
			);
			name = Products;
			sourceTree = "<group>";
		};
		55024AF021E685FD002E5C13 /* myWeather */ = {
			isa = PBXGroup;
			children = (
				55024B3F21E8283B002E5C13 /* myWeatherConsts.h */,
				55024AF121E685FD002E5C13 /* AppDelegate.h */,
				55024AF221E685FD002E5C13 /* AppDelegate.m */,
				55024B3121E71EBD002E5C13 /* Controllers */,
				55024B3021E71EAC002E5C13 /* Model */,
				55024B3921E72DCA002E5C13 /* Utils */,
				55024AFD21E685FD002E5C13 /* Main.storyboard */,
				55024B0021E685FF002E5C13 /* Assets.xcassets */,
				55024B0221E685FF002E5C13 /* LaunchScreen.storyboard */,
				55024B0521E685FF002E5C13 /* Info.plist */,
				55024B0621E685FF002E5C13 /* main.m */,
			);
			path = myWeather;
			sourceTree = "<group>";
		};
		55024B2521E70CE3002E5C13 /* Frameworks */ = {
			isa = PBXGroup;
			children = (
				55024B2621E70CE3002E5C13 /* MapKit.framework */,
			);
			name = Frameworks;
			sourceTree = "<group>";
		};
		55024B2E21E71E84002E5C13 /* Map Screen */ = {
			isa = PBXGroup;
			children = (
				55024B2321E70C13002E5C13 /* MapViewController.h */,
				55024B2221E70C13002E5C13 /* MapViewController.m */,
				55024B2821E70F12002E5C13 /* OriginMapView.h */,
				55024B2921E70F12002E5C13 /* OriginMapView.m */,
				55024B2B21E70F84002E5C13 /* MapAnnotation.h */,
				55024B2C21E70F84002E5C13 /* MapAnnotation.m */,
			);
			path = "Map Screen";
			sourceTree = "<group>";
		};
		55024B2F21E71E97002E5C13 /* Home Screen  */ = {
			isa = PBXGroup;
			children = (
				55024B1921E69EFC002E5C13 /* CityViewController.h */,
				55024B1A21E69EFC002E5C13 /* CityViewController.m */,
				55024B1021E6985B002E5C13 /* CityTable.h */,
				55024B1121E6985B002E5C13 /* CityTable.m */,
				55024B1321E6987A002E5C13 /* CityTableViewCell.h */,
				55024B1421E6987A002E5C13 /* CityTableViewCell.m */,
			);
			path = "Home Screen ";
			sourceTree = "<group>";
		};
		55024B3021E71EAC002E5C13 /* Model */ = {
			isa = PBXGroup;
			children = (
				55024B1C21E6A57A002E5C13 /* CityStore.h */,
				55024B1D21E6A57A002E5C13 /* CityStore.m */,
				55024B0D21E68E37002E5C13 /* City.h */,
				55024B0E21E68E37002E5C13 /* City.m */,
			);
			path = Model;
			sourceTree = "<group>";
		};
		55024B3121E71EBD002E5C13 /* Controllers */ = {
			isa = PBXGroup;
			children = (
				55024B2F21E71E97002E5C13 /* Home Screen  */,
				55024B2E21E71E84002E5C13 /* Map Screen */,
				55024B3E21E80942002E5C13 /* City Screen */,
				55024B3D21E8092A002E5C13 /* original unused */,
			);
			path = Controllers;
			sourceTree = "<group>";
		};
		55024B3921E72DCA002E5C13 /* Utils */ = {
			isa = PBXGroup;
			children = (
				55024B3621E7203A002E5C13 /* NetworkService.h */,
				55024B3721E7203A002E5C13 /* NetworkService.m */,
				55024B3A21E79C74002E5C13 /* WeatherService.h */,
				55024B3B21E79C74002E5C13 /* WeatherService.m */,
			);
			name = Utils;
			path = "New Group";
			sourceTree = "<group>";
		};
		55024B3D21E8092A002E5C13 /* original unused */ = {
			isa = PBXGroup;
			children = (
				55024AF421E685FD002E5C13 /* RootViewController.h */,
				55024AF521E685FD002E5C13 /* RootViewController.m */,
				55024AFA21E685FD002E5C13 /* ModelController.h */,
				55024AFB21E685FD002E5C13 /* ModelController.m */,
			);
			path = "original unused";
			sourceTree = "<group>";
		};
		55024B3E21E80942002E5C13 /* City Screen */ = {
			isa = PBXGroup;
			children = (
				55024AF721E685FD002E5C13 /* DataViewController.h */,
				55024AF821E685FD002E5C13 /* DataViewController.m */,
			);
			path = "City Screen";
			sourceTree = "<group>";
		};
/* End PBXGroup section */

/* Begin PBXNativeTarget section */
		55024AED21E685FD002E5C13 /* myWeather */ = {
			isa = PBXNativeTarget;
			buildConfigurationList = 55024B0A21E685FF002E5C13 /* Build configuration list for PBXNativeTarget "myWeather" */;
			buildPhases = (
				55024AEA21E685FD002E5C13 /* Sources */,
				55024AEB21E685FD002E5C13 /* Frameworks */,
				55024AEC21E685FD002E5C13 /* Resources */,
			);
			buildRules = (
			);
			dependencies = (
			);
			name = myWeather;
			productName = myWeather;
			productReference = 55024AEE21E685FD002E5C13 /* myWeather.app */;
			productType = "com.apple.product-type.application";
		};
/* End PBXNativeTarget section */

/* Begin PBXProject section */
		55024AE621E685FD002E5C13 /* Project object */ = {
			isa = PBXProject;
			attributes = {
				LastUpgradeCheck = 1010;
				ORGANIZATIONNAME = Felipe;
				TargetAttributes = {
					55024AED21E685FD002E5C13 = {
						CreatedOnToolsVersion = 10.1;
					};
				};
			};
			buildConfigurationList = 55024AE921E685FD002E5C13 /* Build configuration list for PBXProject "myWeather" */;
			compatibilityVersion = "Xcode 9.3";
			developmentRegion = en;
			hasScannedForEncodings = 0;
			knownRegions = (
				en,
				Base,
			);
			mainGroup = 55024AE521E685FD002E5C13;
			productRefGroup = 55024AEF21E685FD002E5C13 /* Products */;
			projectDirPath = "";
			projectRoot = "";
			targets = (
				55024AED21E685FD002E5C13 /* myWeather */,
			);
		};
/* End PBXProject section */

/* Begin PBXResourcesBuildPhase section */
		55024AEC21E685FD002E5C13 /* Resources */ = {
			isa = PBXResourcesBuildPhase;
			buildActionMask = 2147483647;
			files = (
				55024B0421E685FF002E5C13 /* LaunchScreen.storyboard in Resources */,
				55024B0121E685FF002E5C13 /* Assets.xcassets in Resources */,
				55024AFF21E685FD002E5C13 /* Main.storyboard in Resources */,
			);
			runOnlyForDeploymentPostprocessing = 0;
		};
/* End PBXResourcesBuildPhase section */

/* Begin PBXSourcesBuildPhase section */
		55024AEA21E685FD002E5C13 /* Sources */ = {
			isa = PBXSourcesBuildPhase;
			buildActionMask = 2147483647;
			files = (
				55024B0721E685FF002E5C13 /* main.m in Sources */,
				55024B2D21E70F84002E5C13 /* MapAnnotation.m in Sources */,
				55024AF621E685FD002E5C13 /* RootViewController.m in Sources */,
				55024B1521E6987A002E5C13 /* CityTableViewCell.m in Sources */,
				55024B0F21E68E37002E5C13 /* City.m in Sources */,
				55024B3C21E79C74002E5C13 /* WeatherService.m in Sources */,
				55024AFC21E685FD002E5C13 /* ModelController.m in Sources */,
				55024AF921E685FD002E5C13 /* DataViewController.m in Sources */,
				55024B1B21E69EFC002E5C13 /* CityViewController.m in Sources */,
				55024B1E21E6A57A002E5C13 /* CityStore.m in Sources */,
				55024B1221E6985B002E5C13 /* CityTable.m in Sources */,
				55024AF321E685FD002E5C13 /* AppDelegate.m in Sources */,
				55024B2421E70C13002E5C13 /* MapViewController.m in Sources */,
				55024B3821E7203A002E5C13 /* NetworkService.m in Sources */,
				55024B2A21E70F12002E5C13 /* OriginMapView.m in Sources */,
			);
			runOnlyForDeploymentPostprocessing = 0;
		};
/* End PBXSourcesBuildPhase section */

/* Begin PBXVariantGroup section */
		55024AFD21E685FD002E5C13 /* Main.storyboard */ = {
			isa = PBXVariantGroup;
			children = (
				55024AFE21E685FD002E5C13 /* Base */,
			);
			name = Main.storyboard;
			sourceTree = "<group>";
		};
		55024B0221E685FF002E5C13 /* LaunchScreen.storyboard */ = {
			isa = PBXVariantGroup;
			children = (
				55024B0321E685FF002E5C13 /* Base */,
			);
			name = LaunchScreen.storyboard;
			sourceTree = "<group>";
		};
/* End PBXVariantGroup section */

/* Begin XCBuildConfiguration section */
		55024B0821E685FF002E5C13 /* Debug */ = {
			isa = XCBuildConfiguration;
			buildSettings = {
				ALWAYS_SEARCH_USER_PATHS = NO;
				CLANG_ANALYZER_NONNULL = YES;
				CLANG_ANALYZER_NUMBER_OBJECT_CONVERSION = YES_AGGRESSIVE;
				CLANG_CXX_LANGUAGE_STANDARD = "gnu++14";
				CLANG_CXX_LIBRARY = "libc++";
				CLANG_ENABLE_MODULES = YES;
				CLANG_ENABLE_OBJC_ARC = YES;
				CLANG_ENABLE_OBJC_WEAK = YES;
				CLANG_WARN_BLOCK_CAPTURE_AUTORELEASING = YES;
				CLANG_WARN_BOOL_CONVERSION = YES;
				CLANG_WARN_COMMA = YES;
				CLANG_WARN_CONSTANT_CONVERSION = YES;
				CLANG_WARN_DEPRECATED_OBJC_IMPLEMENTATIONS = YES;
				CLANG_WARN_DIRECT_OBJC_ISA_USAGE = YES_ERROR;
				CLANG_WARN_DOCUMENTATION_COMMENTS = YES;
				CLANG_WARN_EMPTY_BODY = YES;
				CLANG_WARN_ENUM_CONVERSION = YES;
				CLANG_WARN_INFINITE_RECURSION = YES;
				CLANG_WARN_INT_CONVERSION = YES;
				CLANG_WARN_NON_LITERAL_NULL_CONVERSION = YES;
				CLANG_WARN_OBJC_IMPLICIT_RETAIN_SELF = YES;
				CLANG_WARN_OBJC_LITERAL_CONVERSION = YES;
				CLANG_WARN_OBJC_ROOT_CLASS = YES_ERROR;
				CLANG_WARN_RANGE_LOOP_ANALYSIS = YES;
				CLANG_WARN_STRICT_PROTOTYPES = YES;
				CLANG_WARN_SUSPICIOUS_MOVE = YES;
				CLANG_WARN_UNGUARDED_AVAILABILITY = YES_AGGRESSIVE;
				CLANG_WARN_UNREACHABLE_CODE = YES;
				CLANG_WARN__DUPLICATE_METHOD_MATCH = YES;
				CODE_SIGN_IDENTITY = "iPhone Developer";
				COPY_PHASE_STRIP = NO;
				DEBUG_INFORMATION_FORMAT = dwarf;
				ENABLE_STRICT_OBJC_MSGSEND = YES;
				ENABLE_TESTABILITY = YES;
				GCC_C_LANGUAGE_STANDARD = gnu11;
				GCC_DYNAMIC_NO_PIC = NO;
				GCC_NO_COMMON_BLOCKS = YES;
				GCC_OPTIMIZATION_LEVEL = 0;
				GCC_PREPROCESSOR_DEFINITIONS = (
					"DEBUG=1",
					"$(inherited)",
				);
				GCC_WARN_64_TO_32_BIT_CONVERSION = YES;
				GCC_WARN_ABOUT_RETURN_TYPE = YES_ERROR;
				GCC_WARN_UNDECLARED_SELECTOR = YES;
				GCC_WARN_UNINITIALIZED_AUTOS = YES_AGGRESSIVE;
				GCC_WARN_UNUSED_FUNCTION = YES;
				GCC_WARN_UNUSED_VARIABLE = YES;
				IPHONEOS_DEPLOYMENT_TARGET = 12.1;
				MTL_ENABLE_DEBUG_INFO = INCLUDE_SOURCE;
				MTL_FAST_MATH = YES;
				ONLY_ACTIVE_ARCH = YES;
				SDKROOT = iphoneos;
			};
			name = Debug;
		};
		55024B0921E685FF002E5C13 /* Release */ = {
			isa = XCBuildConfiguration;
			buildSettings = {
				ALWAYS_SEARCH_USER_PATHS = NO;
				CLANG_ANALYZER_NONNULL = YES;
				CLANG_ANALYZER_NUMBER_OBJECT_CONVERSION = YES_AGGRESSIVE;
				CLANG_CXX_LANGUAGE_STANDARD = "gnu++14";
				CLANG_CXX_LIBRARY = "libc++";
				CLANG_ENABLE_MODULES = YES;
				CLANG_ENABLE_OBJC_ARC = YES;
				CLANG_ENABLE_OBJC_WEAK = YES;
				CLANG_WARN_BLOCK_CAPTURE_AUTORELEASING = YES;
				CLANG_WARN_BOOL_CONVERSION = YES;
				CLANG_WARN_COMMA = YES;
				CLANG_WARN_CONSTANT_CONVERSION = YES;
				CLANG_WARN_DEPRECATED_OBJC_IMPLEMENTATIONS = YES;
				CLANG_WARN_DIRECT_OBJC_ISA_USAGE = YES_ERROR;
				CLANG_WARN_DOCUMENTATION_COMMENTS = YES;
				CLANG_WARN_EMPTY_BODY = YES;
				CLANG_WARN_ENUM_CONVERSION = YES;
				CLANG_WARN_INFINITE_RECURSION = YES;
				CLANG_WARN_INT_CONVERSION = YES;
				CLANG_WARN_NON_LITERAL_NULL_CONVERSION = YES;
				CLANG_WARN_OBJC_IMPLICIT_RETAIN_SELF = YES;
				CLANG_WARN_OBJC_LITERAL_CONVERSION = YES;
				CLANG_WARN_OBJC_ROOT_CLASS = YES_ERROR;
				CLANG_WARN_RANGE_LOOP_ANALYSIS = YES;
				CLANG_WARN_STRICT_PROTOTYPES = YES;
				CLANG_WARN_SUSPICIOUS_MOVE = YES;
				CLANG_WARN_UNGUARDED_AVAILABILITY = YES_AGGRESSIVE;
				CLANG_WARN_UNREACHABLE_CODE = YES;
				CLANG_WARN__DUPLICATE_METHOD_MATCH = YES;
				CODE_SIGN_IDENTITY = "iPhone Developer";
				COPY_PHASE_STRIP = NO;
				DEBUG_INFORMATION_FORMAT = "dwarf-with-dsym";
				ENABLE_NS_ASSERTIONS = NO;
				ENABLE_STRICT_OBJC_MSGSEND = YES;
				GCC_C_LANGUAGE_STANDARD = gnu11;
				GCC_NO_COMMON_BLOCKS = YES;
				GCC_WARN_64_TO_32_BIT_CONVERSION = YES;
				GCC_WARN_ABOUT_RETURN_TYPE = YES_ERROR;
				GCC_WARN_UNDECLARED_SELECTOR = YES;
				GCC_WARN_UNINITIALIZED_AUTOS = YES_AGGRESSIVE;
				GCC_WARN_UNUSED_FUNCTION = YES;
				GCC_WARN_UNUSED_VARIABLE = YES;
				IPHONEOS_DEPLOYMENT_TARGET = 12.1;
				MTL_ENABLE_DEBUG_INFO = NO;
				MTL_FAST_MATH = YES;
				SDKROOT = iphoneos;
				VALIDATE_PRODUCT = YES;
			};
			name = Release;
		};
		55024B0B21E685FF002E5C13 /* Debug */ = {
			isa = XCBuildConfiguration;
			buildSettings = {
				ASSETCATALOG_COMPILER_APPICON_NAME = AppIcon;
				CODE_SIGN_STYLE = Automatic;
				DEVELOPMENT_TEAM = R638X58M4R;
				INFOPLIST_FILE = myWeather/Info.plist;
				IPHONEOS_DEPLOYMENT_TARGET = 8.0;
				LD_RUNPATH_SEARCH_PATHS = (
					"$(inherited)",
					"@executable_path/Frameworks",
				);
				PRODUCT_BUNDLE_IDENTIFIER = com.fiat.myWeather;
				PRODUCT_NAME = "$(TARGET_NAME)";
				TARGETED_DEVICE_FAMILY = "1,2";
			};
			name = Debug;
		};
		55024B0C21E685FF002E5C13 /* Release */ = {
			isa = XCBuildConfiguration;
			buildSettings = {
				ASSETCATALOG_COMPILER_APPICON_NAME = AppIcon;
				CODE_SIGN_STYLE = Automatic;
				DEVELOPMENT_TEAM = R638X58M4R;
				INFOPLIST_FILE = myWeather/Info.plist;
				IPHONEOS_DEPLOYMENT_TARGET = 8.0;
				LD_RUNPATH_SEARCH_PATHS = (
					"$(inherited)",
					"@executable_path/Frameworks",
				);
				PRODUCT_BUNDLE_IDENTIFIER = com.fiat.myWeather;
				PRODUCT_NAME = "$(TARGET_NAME)";
				TARGETED_DEVICE_FAMILY = "1,2";
			};
			name = Release;
		};
/* End XCBuildConfiguration section */

/* Begin XCConfigurationList section */
		55024AE921E685FD002E5C13 /* Build configuration list for PBXProject "myWeather" */ = {
			isa = XCConfigurationList;
			buildConfigurations = (
				55024B0821E685FF002E5C13 /* Debug */,
				55024B0921E685FF002E5C13 /* Release */,
			);
			defaultConfigurationIsVisible = 0;
			defaultConfigurationName = Release;
		};
		55024B0A21E685FF002E5C13 /* Build configuration list for PBXNativeTarget "myWeather" */ = {
			isa = XCConfigurationList;
			buildConfigurations = (
				55024B0B21E685FF002E5C13 /* Debug */,
				55024B0C21E685FF002E5C13 /* Release */,
			);
			defaultConfigurationIsVisible = 0;
			defaultConfigurationName = Release;
		};
/* End XCConfigurationList section */
	};
	rootObject = 55024AE621E685FD002E5C13 /* Project object */;
}
